<?xml version="1.0" encoding="UTF-8"?>
<CodeBlocks_project_file>
	<FileVersion major="1" minor="6"/>
	<Project>
		<Option title="myworld"/>
		<Option makefile_is_custom="1"/>
		<Option compiler="gcc"/>
		<Option virtualFolders="CMake Files\;"/>
		<Build>
			<Target title="all">
				<Option working_dir="/home/xuan/myworld"/>
				<Option type="4"/>
				<MakeCommands>
					<Build command="/usr/bin/make -f &quot;/home/xuan/myworld/Makefile&quot;  VERBOSE=1 all"/>
					<CompileFile command="/usr/bin/make -f &quot;/home/xuan/myworld/Makefile&quot;  VERBOSE=1 &quot;$file&quot;"/>
					<Clean command="/usr/bin/make -f &quot;/home/xuan/myworld/Makefile&quot;  VERBOSE=1 clean"/>
					<DistClean command="/usr/bin/make -f &quot;/home/xuan/myworld/Makefile&quot;  VERBOSE=1 clean"/>
				</MakeCommands>
			</Target>
			<Target title="rebuild_cache">
				<Option working_dir="/home/xuan/myworld"/>
				<Option type="4"/>
				<MakeCommands>
					<Build command="/usr/bin/make -f &quot;/home/xuan/myworld/Makefile&quot;  VERBOSE=1 rebuild_cache"/>
					<CompileFile command="/usr/bin/make -f &quot;/home/xuan/myworld/Makefile&quot;  VERBOSE=1 &quot;$file&quot;"/>
					<Clean command="/usr/bin/make -f &quot;/home/xuan/myworld/Makefile&quot;  VERBOSE=1 clean"/>
					<DistClean command="/usr/bin/make -f &quot;/home/xuan/myworld/Makefile&quot;  VERBOSE=1 clean"/>
				</MakeCommands>
			</Target>
			<Target title="myworld">
				<Option output="/home/xuan/myworld/myworld" prefix_auto="0" extension_auto="0"/>
				<Option working_dir="/home/xuan/myworld"/>
				<Option object_output="./"/>
				<Option type="1"/>
				<Option compiler="gcc"/>
				<Compiler/>
				<MakeCommands>
					<Build command="/usr/bin/make -f &quot;/home/xuan/myworld/Makefile&quot;  VERBOSE=1 myworld"/>
					<CompileFile command="/usr/bin/make -f &quot;/home/xuan/myworld/Makefile&quot;  VERBOSE=1 &quot;$file&quot;"/>
					<Clean command="/usr/bin/make -f &quot;/home/xuan/myworld/Makefile&quot;  VERBOSE=1 clean"/>
					<DistClean command="/usr/bin/make -f &quot;/home/xuan/myworld/Makefile&quot;  VERBOSE=1 clean"/>
				</MakeCommands>
			</Target>
			<Target title="myworld/fast">
				<Option output="/home/xuan/myworld/myworld" prefix_auto="0" extension_auto="0"/>
				<Option working_dir="/home/xuan/myworld"/>
				<Option object_output="./"/>
				<Option type="1"/>
				<Option compiler="gcc"/>
				<Compiler/>
				<MakeCommands>
					<Build command="/usr/bin/make -f &quot;/home/xuan/myworld/Makefile&quot;  VERBOSE=1 myworld/fast"/>
					<CompileFile command="/usr/bin/make -f &quot;/home/xuan/myworld/Makefile&quot;  VERBOSE=1 &quot;$file&quot;"/>
					<Clean command="/usr/bin/make -f &quot;/home/xuan/myworld/Makefile&quot;  VERBOSE=1 clean"/>
					<DistClean command="/usr/bin/make -f &quot;/home/xuan/myworld/Makefile&quot;  VERBOSE=1 clean"/>
				</MakeCommands>
			</Target>
			<Target title="edit_cache">
				<Option working_dir="/home/xuan/myworld"/>
				<Option type="4"/>
				<MakeCommands>
					<Build command="/usr/bin/make -f &quot;/home/xuan/myworld/Makefile&quot;  VERBOSE=1 edit_cache"/>
					<CompileFile command="/usr/bin/make -f &quot;/home/xuan/myworld/Makefile&quot;  VERBOSE=1 &quot;$file&quot;"/>
					<Clean command="/usr/bin/make -f &quot;/home/xuan/myworld/Makefile&quot;  VERBOSE=1 clean"/>
					<DistClean command="/usr/bin/make -f &quot;/home/xuan/myworld/Makefile&quot;  VERBOSE=1 clean"/>
				</MakeCommands>
			</Target>
		</Build>
		<Unit filename="/home/xuan/myworld/A1.cpp">
			<Option target="myworld"/>
		</Unit>
		<Unit filename="/home/xuan/myworld/Control.h">
			<Option target="myworld"/>
		</Unit>
		<Unit filename="/home/xuan/myworld/MainFun.h">
			<Option target="myworld"/>
		</Unit>
		<Unit filename="/home/xuan/myworld/Shader.cpp">
			<Option target="myworld"/>
		</Unit>
		<Unit filename="/home/xuan/myworld/Shader.h">
			<Option target="myworld"/>
		</Unit>
		<Unit filename="/home/xuan/myworld/WenLi.h">
			<Option target="myworld"/>
		</Unit>
		<Unit filename="/home/xuan/myworld/construct.h">
			<Option target="myworld"/>
		</Unit>
		<Unit filename="/home/xuan/myworld/controlFunction.h">
			<Option target="myworld"/>
		</Unit>
		<Unit filename="/home/xuan/myworld/glad.c">
			<Option target="myworld"/>
		</Unit>
		<Unit filename="/home/xuan/myworld/main.cpp">
			<Option target="myworld"/>
		</Unit>
		<Unit filename="/home/xuan/myworld/stb_image.cpp">
			<Option target="myworld"/>
		</Unit>
		<Unit filename="/home/xuan/myworld/stb_image.h">
			<Option target="myworld"/>
		</Unit>
		<Unit filename="/home/xuan/myworld/CMakeLists.txt">
			<Option virtualFolder="CMake Files\"/>
		</Unit>
	</Project>
</CodeBlocks_project_file>
